# This file is automatically @generated by Cargo.
# It is not intended for manual editing.
[[package]]
name = "atcoder_snippets"
version = "0.0.1"
source = "git+https://github.com/yoshrc/rust-atcoder-snippets?branch=develop#091f80dcbad07c0294198aac512b07888494450c"
dependencies = [
 "cargo-snippet 0.2.8 (registry+https://github.com/rust-lang/crates.io-index)",
]

[[package]]
name = "cargo-snippet"
version = "0.2.8"
source = "registry+https://github.com/rust-lang/crates.io-index"

[[package]]
name = "section_2-3"
version = "0.1.0"
dependencies = [
 "atcoder_snippets 0.0.1 (git+https://github.com/yoshrc/rust-atcoder-snippets?branch=develop)",
]

[metadata]
"checksum atcoder_snippets 0.0.1 (git+https://github.com/yoshrc/rust-atcoder-snippets?branch=develop)" = "<none>"
"checksum cargo-snippet 0.2.8 (registry+https://github.com/rust-lang/crates.io-index)" = "281cecba5544613ae3f76f2cc47562e09399c3145170d9cd38d82401f45131d5"
