# This file is automatically @generated by Cargo.
# It is not intended for manual editing.
[[package]]
name = "atcoder_snippets"
version = "0.0.1"
source = "git+https://github.com/yoshrc/rust-atcoder-snippets?branch=develop#1d111166509967b3792cc870d5977e5d0b234b2b"
dependencies = [
 "cargo-snippet 0.2.7 (registry+https://github.com/rust-lang/crates.io-index)",
]

[[package]]
name = "cargo-snippet"
version = "0.2.7"
source = "registry+https://github.com/rust-lang/crates.io-index"

[[package]]
name = "section_2-5"
version = "0.1.0"
dependencies = [
 "atcoder_snippets 0.0.1 (git+https://github.com/yoshrc/rust-atcoder-snippets?branch=develop)",
]

[metadata]
"checksum atcoder_snippets 0.0.1 (git+https://github.com/yoshrc/rust-atcoder-snippets?branch=develop)" = "<none>"
"checksum cargo-snippet 0.2.7 (registry+https://github.com/rust-lang/crates.io-index)" = "f7174e0e01ce1c4270f6f134626cdc385a3077ec5a6ee82a2ebe5fea49915fcf"
